
Microsoft Visual Studio Solution File, Format Version 12.00
# Visual Studio Version 17
VisualStudioVersion = 17.6.34031.178
MinimumVisualStudioVersion = 10.0.40219.1
Project("{8BC9CEB8-8B4A-11D0-8D11-00A0C91BC942}") = "PyIPP", "PyIPP.vcxproj", "{50554089-410B-4A40-B9F4-D3C21D20DD36}"
EndProject
Project("{888888A0-9F3D-457C-B088-3A5042F75D52}") = "PyIPPTest", "..\PyIPPTest\PyIPPTest.pyproj", "{5D35E791-245D-4D37-B3D7-1AD9372D4E57}"
EndProject
Global
	GlobalSection(SolutionConfigurationPlatforms) = preSolution
		Debug|Any CPU = Debug|Any CPU
		Debug|x64 = Debug|x64
		Debug|x86 = Debug|x86
		Release|Any CPU = Release|Any CPU
		Release|x64 = Release|x64
		Release|x86 = Release|x86
	EndGlobalSection
	GlobalSection(ProjectConfigurationPlatforms) = postSolution
		{50554089-410B-4A40-B9F4-D3C21D20DD36}.Debug|Any CPU.ActiveCfg = Debug|x64
		{50554089-410B-4A40-B9F4-D3C21D20DD36}.Debug|Any CPU.Build.0 = Debug|x64
		{50554089-410B-4A40-B9F4-D3C21D20DD36}.Debug|x64.ActiveCfg = Debug|x64
		{50554089-410B-4A40-B9F4-D3C21D20DD36}.Debug|x64.Build.0 = Debug|x64
		{50554089-410B-4A40-B9F4-D3C21D20DD36}.Debug|x86.ActiveCfg = Debug|Win32
		{50554089-410B-4A40-B9F4-D3C21D20DD36}.Debug|x86.Build.0 = Debug|Win32
		{50554089-410B-4A40-B9F4-D3C21D20DD36}.Release|Any CPU.ActiveCfg = Release|x64
		{50554089-410B-4A40-B9F4-D3C21D20DD36}.Release|Any CPU.Build.0 = Release|x64
		{50554089-410B-4A40-B9F4-D3C21D20DD36}.Release|x64.ActiveCfg = Release|x64
		{50554089-410B-4A40-B9F4-D3C21D20DD36}.Release|x64.Build.0 = Release|x64
		{50554089-410B-4A40-B9F4-D3C21D20DD36}.Release|x86.ActiveCfg = Release|Win32
		{50554089-410B-4A40-B9F4-D3C21D20DD36}.Release|x86.Build.0 = Release|Win32
		{5D35E791-245D-4D37-B3D7-1AD9372D4E57}.Debug|Any CPU.ActiveCfg = Debug|Any CPU
		{5D35E791-245D-4D37-B3D7-1AD9372D4E57}.Debug|x64.ActiveCfg = Debug|Any CPU
		{5D35E791-245D-4D37-B3D7-1AD9372D4E57}.Debug|x86.ActiveCfg = Debug|Any CPU
		{5D35E791-245D-4D37-B3D7-1AD9372D4E57}.Release|Any CPU.ActiveCfg = Release|Any CPU
		{5D35E791-245D-4D37-B3D7-1AD9372D4E57}.Release|x64.ActiveCfg = Release|Any CPU
		{5D35E791-245D-4D37-B3D7-1AD9372D4E57}.Release|x86.ActiveCfg = Release|Any CPU
	EndGlobalSection
	GlobalSection(SolutionProperties) = preSolution
		HideSolutionNode = FALSE
	EndGlobalSection
	GlobalSection(ExtensibilityGlobals) = postSolution
		SolutionGuid = {940F4F01-DE8F-4AC0-9DEE-CC35CF6F2F4E}
	EndGlobalSection
EndGlobal
